
Microsoft Visual Studio Solution File, Format Version 12.00
# Visual Studio 15
VisualStudioVersion = 15.0.27703.2042
MinimumVisualStudioVersion = 10.0.40219.1
Project("{FAE04EC0-301F-11D3-BF4B-00C04F79EFBC}") = "ReleasePipeDemoApp", "ReleasePipeDemoApp\ReleasePipeDemoApp.csproj", "{12220C13-49FC-43A0-A614-0F7DBBEEDC09}"
EndProject
Project("{FAE04EC0-301F-11D3-BF4B-00C04F79EFBC}") = "ReleasePipeDemoApp.Tests", "ReleasePipeDemoApp.Tests\ReleasePipeDemoApp.Tests.csproj", "{0D3E30AB-B4B9-4BD8-91D8-FC4BE0F2418B}"
EndProject
Global
	GlobalSection(SolutionConfigurationPlatforms) = preSolution
		Debug|Any CPU = Debug|Any CPU
		Release|Any CPU = Release|Any CPU
	EndGlobalSection
	GlobalSection(ProjectConfigurationPlatforms) = postSolution
		{12220C13-49FC-43A0-A614-0F7DBBEEDC09}.Debug|Any CPU.ActiveCfg = Debug|Any CPU
		{12220C13-49FC-43A0-A614-0F7DBBEEDC09}.Debug|Any CPU.Build.0 = Debug|Any CPU
		{12220C13-49FC-43A0-A614-0F7DBBEEDC09}.Release|Any CPU.ActiveCfg = Release|Any CPU
		{12220C13-49FC-43A0-A614-0F7DBBEEDC09}.Release|Any CPU.Build.0 = Release|Any CPU
		{0D3E30AB-B4B9-4BD8-91D8-FC4BE0F2418B}.Debug|Any CPU.ActiveCfg = Debug|Any CPU
		{0D3E30AB-B4B9-4BD8-91D8-FC4BE0F2418B}.Debug|Any CPU.Build.0 = Debug|Any CPU
		{0D3E30AB-B4B9-4BD8-91D8-FC4BE0F2418B}.Release|Any CPU.ActiveCfg = Release|Any CPU
		{0D3E30AB-B4B9-4BD8-91D8-FC4BE0F2418B}.Release|Any CPU.Build.0 = Release|Any CPU
	EndGlobalSection
	GlobalSection(SolutionProperties) = preSolution
		HideSolutionNode = FALSE
	EndGlobalSection
	GlobalSection(ExtensibilityGlobals) = postSolution
		SolutionGuid = {9F2CE710-FDFF-42A2-A3D4-2A55711882CF}
	EndGlobalSection
EndGlobal
